
Microsoft Visual Studio Solution File, Format Version 12.00
# Visual Studio Version 16
VisualStudioVersion = 16.0.31004.235
MinimumVisualStudioVersion = 10.0.40219.1
Project("{FAE04EC0-301F-11D3-BF4B-00C04F79EFBC}") = "SnackShack", "SnackShack\SnackShack.csproj", "{05652C4D-0B71-4592-A816-1C3A778648C9}"
EndProject
Project("{FAE04EC0-301F-11D3-BF4B-00C04F79EFBC}") = "SnackShackTests", "SnackShackTests\SnackShackTests.csproj", "{80E3170D-F261-46C9-8B93-E95DAC0C51B3}"
EndProject
Global
	GlobalSection(SolutionConfigurationPlatforms) = preSolution
		Debug|Any CPU = Debug|Any CPU
		Release|Any CPU = Release|Any CPU
	EndGlobalSection
	GlobalSection(ProjectConfigurationPlatforms) = postSolution
		{05652C4D-0B71-4592-A816-1C3A778648C9}.Debug|Any CPU.ActiveCfg = Debug|Any CPU
		{05652C4D-0B71-4592-A816-1C3A778648C9}.Debug|Any CPU.Build.0 = Debug|Any CPU
		{05652C4D-0B71-4592-A816-1C3A778648C9}.Release|Any CPU.ActiveCfg = Release|Any CPU
		{05652C4D-0B71-4592-A816-1C3A778648C9}.Release|Any CPU.Build.0 = Release|Any CPU
		{80E3170D-F261-46C9-8B93-E95DAC0C51B3}.Debug|Any CPU.ActiveCfg = Debug|Any CPU
		{80E3170D-F261-46C9-8B93-E95DAC0C51B3}.Debug|Any CPU.Build.0 = Debug|Any CPU
		{80E3170D-F261-46C9-8B93-E95DAC0C51B3}.Release|Any CPU.ActiveCfg = Release|Any CPU
		{80E3170D-F261-46C9-8B93-E95DAC0C51B3}.Release|Any CPU.Build.0 = Release|Any CPU
	EndGlobalSection
	GlobalSection(SolutionProperties) = preSolution
		HideSolutionNode = FALSE
	EndGlobalSection
	GlobalSection(ExtensibilityGlobals) = postSolution
		SolutionGuid = {20A37525-1F6D-4A85-8CB6-BEE65CB0C126}
	EndGlobalSection
EndGlobal
